{"1.2.0",
[{<<"asobi">>,
  {git,"https://github.com/widgrensit/asobi.git",
       {ref,"d06f7e53abe087c0eead0e0cef0b209133a930a9"}},
  0},
 {<<"asobi_quests">>,
  {git,"https://github.com/widgrensit/asobi_quests.git",
       {ref,"4549187b31421e094355e1b1aee45f6e4304886a"}},
  0},
 {<<"asobi_seasons">>,
  {git,"https://github.com/widgrensit/asobi_seasons.git",
       {ref,"55a84a75effe2bd7bc1d7219d9fd49f8234fadaf"}},
  0},
 {<<"cowboy">>,{pkg,<<"cowboy">>,<<"2.18.0">>},2},
 {<<"cowlib">>,{pkg,<<"cowlib">>,<<"2.19.0">>},3},
 {<<"erlydtl">>,{pkg,<<"erlydtl">>,<<"0.14.0">>},2},
 {<<"jhn_stdlib">>,{pkg,<<"jhn_stdlib">>,<<"5.11.2">>},2},
 {<<"jose">>,{pkg,<<"jose">>,<<"1.11.12">>},3},
 {<<"kura">>,{pkg,<<"kura">>,<<"2.20.7">>},1},
 {<<"kura_postgres">>,{pkg,<<"kura_postgres">>,<<"1.1.1">>},1},
 {<<"luerl">>,{pkg,<<"luerl">>,<<"1.5.1">>},1},
 {<<"minato">>,{pkg,<<"minato">>,<<"1.1.1">>},2},
 {<<"nova">>,{pkg,<<"nova">>,<<"0.15.3">>},1},
 {<<"nova_auth">>,{pkg,<<"nova_auth">>,<<"0.2.0">>},1},
 {<<"nova_auth_oidc">>,{pkg,<<"nova_auth_oidc">>,<<"0.2.1">>},1},
 {<<"nova_resilience">>,{pkg,<<"nova_resilience">>,<<"1.0.3">>},1},
 {<<"oidcc">>,{pkg,<<"oidcc">>,<<"3.8.0">>},2},
 {<<"ranch">>,{pkg,<<"ranch">>,<<"2.2.0">>},3},
 {<<"routing_tree">>,{pkg,<<"routing_tree">>,<<"1.0.11">>},2},
 {<<"seki">>,{pkg,<<"seki">>,<<"0.4.3">>},1},
 {<<"shigoto">>,{pkg,<<"shigoto">>,<<"1.9.6">>},1},
 {<<"telemetry">>,{pkg,<<"telemetry">>,<<"1.4.2">>},2},
 {<<"telemetry_registry">>,{pkg,<<"telemetry_registry">>,<<"0.3.2">>},3},
 {<<"thoas">>,{pkg,<<"thoas">>,<<"1.2.1">>},2}]}.
[
{pkg_hash,[
 {<<"cowboy">>, <<"BFF388EB4D6356CB3F88C26E65B515976BF04B401B805D31550C3E60EBA8FE18">>},
 {<<"cowlib">>, <<"C9D11C9D035472E27A740C9F327786C61ED209269B4BE0260D59D3EC07B8949F">>},
 {<<"erlydtl">>, <<"964B2DC84F8C17ACFAA69C59BA129EF26AC45D2BA898C3C6AD9B5BDC8BA13CED">>},
 {<<"jhn_stdlib">>, <<"785074F3CA368EAA8E9AF1592BC19AE9EF1F7AF30B2CD6456A6083173A8F5CCB">>},
 {<<"jose">>, <<"06E62B467B61D3726CBC19E9B5489F7549C37993DE846DFB3EE8259F9ED208B3">>},
 {<<"kura">>, <<"6FA6EF7CC0904D1E180571BB37168A5C2F0FD6C23CD6BD75BC351F7208E458F9">>},
 {<<"kura_postgres">>, <<"44ADDE4B9A9763325B7696853F937CA79569287FA18CD7403B0D41E10BFE459B">>},
 {<<"luerl">>, <<"F6700420950FC6889137E7A0C11C4A8467DEA04A8C23F707A40D83566D14E786">>},
 {<<"minato">>, <<"1E5A516F5E646A0C579BF7588301AD1106A1D78EF62CFB660815BD60780BF460">>},
 {<<"nova">>, <<"E5DB638900796822406947746110A48D48023B7F9345074522D6F59E9E13CF80">>},
 {<<"nova_auth">>, <<"0447C6FE716348FF0621F9F043A0CD147D8DAFD11C3E3F22CB170F7C7B00ACE8">>},
 {<<"nova_auth_oidc">>, <<"3358E72B699A642E88A1B63FE024F0FB2817761FAA6620723601C84C725B61DE">>},
 {<<"nova_resilience">>, <<"353C95496647B8FFF390D3367F2BA126F2998F6EACFFC4F06BA900CD401B3441">>},
 {<<"oidcc">>, <<"3EE9F56A8F209C8EBCB7FCC95DA355AD776C1479F883EF30194FFF386EBE75E6">>},
 {<<"ranch">>, <<"25528F82BC8D7C6152C57666CA99EC716510FE0925CB188172F41CE93117B1B0">>},
 {<<"routing_tree">>, <<"72ACEF2095F0EC804F7AFD07EF781DDE5009425A1CA0A28F0706B1DB334A4812">>},
 {<<"seki">>, <<"3A9209AD6154DA08084E8409C8F97586C79855450A748D989EDF23483B90B8B8">>},
 {<<"shigoto">>, <<"DAE22E089B384986D88C1428224C23CF7C45297A91109F44F76B9BF8713E433B">>},
 {<<"telemetry">>, <<"A0CB522801DFFB1C49FE6E30561BADFFC7B6D0E180DB1300DF759FAA22062855">>},
 {<<"telemetry_registry">>, <<"701576890320BE6428189BFF963E865E8F23E0FF3615EADE8F78662BE0FC003C">>},
 {<<"thoas">>, <<"19A25F31177A17E74004D4840F66D791D4298C5738790FA2CC73731EB911F195">>}]},
{pkg_hash_ext,[
 {<<"cowboy">>, <<"62D0B26ABCF455054972B0DA242389C69D5982CE5914AFB8C344517F667B9600">>},
 {<<"cowlib">>, <<"6DC66E3135B229193EA4DCB14294E79520C923D391315C9C962EF0B4BEA72356">>},
 {<<"erlydtl">>, <<"D80EC044CD8F58809C19D29AC5605BE09E955040911B644505E31E9DD8143431">>},
 {<<"jhn_stdlib">>, <<"2329CD16DEE46704AAB6184D09508E59DBA31C4D3255271DBB7D34D115ECA508">>},
 {<<"jose">>, <<"31E92B653E9210B696765CDD885437457DE1ADD2A9011D92F8CF63E4641BAB7B">>},
 {<<"kura">>, <<"87EB91E93159D29E00632AA0EB04529D4BEF99931FC47694DA185E894260D7C2">>},
 {<<"kura_postgres">>, <<"CDE5C7D4E6057509B544F7D36E3CB315D8522541D6194B6B401DCF75F3E0A563">>},
 {<<"luerl">>, <<"ABF88D849BAA0D5DCA93B245A8688D4DE2EE3D588159BB2FAF51E15946509390">>},
 {<<"minato">>, <<"1ED6B8330DB9BC726D5FD7A239205C06CD3C588849DA88C679643A1ECC0BED14">>},
 {<<"nova">>, <<"95243B184DA37C6B40C15BD2B7531B520C35D9EFB85F8773134DB0A85B587F20">>},
 {<<"nova_auth">>, <<"1B343A8932037B675138DA50AF6118E4B7D3E7C93713DC9DFCD4C3F7B206DE2F">>},
 {<<"nova_auth_oidc">>, <<"DB9C3A32CA4B1F116834B9DE5BAE59F94F7BF4C9D8183A0B9F5D4E3093BFF8EE">>},
 {<<"nova_resilience">>, <<"FFF1FE82634386A944553B2B2483AB3D140DAEA27A24A42AA1AFDD3E0BB97B0B">>},
 {<<"oidcc">>, <<"99473DDB93FE46F3EA864EABEE92ECD94CD461E223966BEDBC2FD8A4B4C7F30B">>},
 {<<"ranch">>, <<"FA0B99A1780C80218A4197A59EA8D3BDAE32FBFF7E88527D7D8A4787EFF4F8E7">>},
 {<<"routing_tree">>, <<"85982C7AC502892C5179CD2A591331003BACD2D2A71723640BA7D23F45408E6E">>},
 {<<"seki">>, <<"5493BAC387329DE722AC5BCB967364CACECC104AE3E6ED143863453263DC6DB4">>},
 {<<"shigoto">>, <<"64BBA762F3C7C9822DDDAC12DC5255D305E5E125BA171E9C2AD52867061C96B8">>},
 {<<"telemetry">>, <<"928F6495066506077862C0D1646609EED891A4326BEE3126BA54B60AF61FEBB1">>},
 {<<"telemetry_registry">>, <<"E7ED191EB1D115A3034AF8E1E35E4E63D5348851D556646D46CA3D1B4E16BAB9">>},
 {<<"thoas">>, <<"E38697EDFFD6E91BD12CEA41B155115282630075C2A727E7A6B2947F5408B86A">>}]}
].
